
Microsoft Visual Studio Solution File, Format Version 12.00
# Visual Studio Version 17
VisualStudioVersion = 17.8.34511.84
MinimumVisualStudioVersion = 10.0.40219.1
Project("{8BC9CEB8-8B4A-11D0-8D11-00A0C91BC942}") = "PruebaOMP", "PruebaOMP\PruebaOMP.vcxproj", "{E58D1CF1-A246-44AD-88F3-A43AD579AFF8}"
EndProject
Global
	GlobalSection(SolutionConfigurationPlatforms) = preSolution
		Debug|x64 = Debug|x64
		Debug|x86 = Debug|x86
		Release|x64 = Release|x64
		Release|x86 = Release|x86
	EndGlobalSection
	GlobalSection(ProjectConfigurationPlatforms) = postSolution
		{E58D1CF1-A246-44AD-88F3-A43AD579AFF8}.Debug|x64.ActiveCfg = Debug|x64
		{E58D1CF1-A246-44AD-88F3-A43AD579AFF8}.Debug|x64.Build.0 = Debug|x64
		{E58D1CF1-A246-44AD-88F3-A43AD579AFF8}.Debug|x86.ActiveCfg = Debug|Win32
		{E58D1CF1-A246-44AD-88F3-A43AD579AFF8}.Debug|x86.Build.0 = Debug|Win32
		{E58D1CF1-A246-44AD-88F3-A43AD579AFF8}.Release|x64.ActiveCfg = Release|x64
		{E58D1CF1-A246-44AD-88F3-A43AD579AFF8}.Release|x64.Build.0 = Release|x64
		{E58D1CF1-A246-44AD-88F3-A43AD579AFF8}.Release|x86.ActiveCfg = Release|Win32
		{E58D1CF1-A246-44AD-88F3-A43AD579AFF8}.Release|x86.Build.0 = Release|Win32
	EndGlobalSection
	GlobalSection(SolutionProperties) = preSolution
		HideSolutionNode = FALSE
	EndGlobalSection
	GlobalSection(ExtensibilityGlobals) = postSolution
		SolutionGuid = {65F89C4C-D9A4-49F0-BC25-B076C6E0260E}
	EndGlobalSection
EndGlobal
